// !$*UTF8*$!
{
	archiveVersion = 1;
	classes = {
	};
	objectVersion = 56;
	objects = {

/* Begin PBXBuildFile section */
		A2BE2DC92AE2B19200C3AF3C /* MergeTimesApp.swift in Sources */ = {isa = PBXBuildFile; fileRef = A2BE2DC82AE2B19200C3AF3C /* MergeTimesApp.swift */; };
		A2BE2DCB2AE2B19200C3AF3C /* ContentView.swift in Sources */ = {isa = PBXBuildFile; fileRef = A2BE2DCA2AE2B19200C3AF3C /* ContentView.swift */; };
		A2BE2DCD2AE2B19300C3AF3C /* Assets.xcassets in Resources */ = {isa = PBXBuildFile; fileRef = A2BE2DCC2AE2B19300C3AF3C /* Assets.xcassets */; };
		A2BE2DD02AE2B19300C3AF3C /* Preview Assets.xcassets in Resources */ = {isa = PBXBuildFile; fileRef = A2BE2DCF2AE2B19300C3AF3C /* Preview Assets.xcassets */; };
		A2BE2DDA2AE2B19300C3AF3C /* MergeTimesTests.swift in Sources */ = {isa = PBXBuildFile; fileRef = A2BE2DD92AE2B19300C3AF3C /* MergeTimesTests.swift */; };
		A2BE2DE42AE2B19300C3AF3C /* MergeTimesUITests.swift in Sources */ = {isa = PBXBuildFile; fileRef = A2BE2DE32AE2B19300C3AF3C /* MergeTimesUITests.swift */; };
		A2BE2DE62AE2B19300C3AF3C /* MergeTimesUITestsLaunchTests.swift in Sources */ = {isa = PBXBuildFile; fileRef = A2BE2DE52AE2B19300C3AF3C /* MergeTimesUITestsLaunchTests.swift */; };
/* End PBXBuildFile section */

/* Begin PBXContainerItemProxy section */
		A2BE2DD62AE2B19300C3AF3C /* PBXContainerItemProxy */ = {
			isa = PBXContainerItemProxy;
			containerPortal = A2BE2DBD2AE2B19200C3AF3C /* Project object */;
			proxyType = 1;
			remoteGlobalIDString = A2BE2DC42AE2B19200C3AF3C;
			remoteInfo = MergeTimes;
		};
		A2BE2DE02AE2B19300C3AF3C /* PBXContainerItemProxy */ = {
			isa = PBXContainerItemProxy;
			containerPortal = A2BE2DBD2AE2B19200C3AF3C /* Project object */;
			proxyType = 1;
			remoteGlobalIDString = A2BE2DC42AE2B19200C3AF3C;
			remoteInfo = MergeTimes;
		};
/* End PBXContainerItemProxy section */

/* Begin PBXFileReference section */
		A2BE2DC52AE2B19200C3AF3C /* MergeTimes.app */ = {isa = PBXFileReference; explicitFileType = wrapper.application; includeInIndex = 0; path = MergeTimes.app; sourceTree = BUILT_PRODUCTS_DIR; };
		A2BE2DC82AE2B19200C3AF3C /* MergeTimesApp.swift */ = {isa = PBXFileReference; lastKnownFileType = sourcecode.swift; path = MergeTimesApp.swift; sourceTree = "<group>"; };
		A2BE2DCA2AE2B19200C3AF3C /* ContentView.swift */ = {isa = PBXFileReference; lastKnownFileType = sourcecode.swift; path = ContentView.swift; sourceTree = "<group>"; };
		A2BE2DCC2AE2B19300C3AF3C /* Assets.xcassets */ = {isa = PBXFileReference; lastKnownFileType = folder.assetcatalog; path = Assets.xcassets; sourceTree = "<group>"; };
		A2BE2DCF2AE2B19300C3AF3C /* Preview Assets.xcassets */ = {isa = PBXFileReference; lastKnownFileType = folder.assetcatalog; path = "Preview Assets.xcassets"; sourceTree = "<group>"; };
		A2BE2DD52AE2B19300C3AF3C /* MergeTimesTests.xctest */ = {isa = PBXFileReference; explicitFileType = wrapper.cfbundle; includeInIndex = 0; path = MergeTimesTests.xctest; sourceTree = BUILT_PRODUCTS_DIR; };
		A2BE2DD92AE2B19300C3AF3C /* MergeTimesTests.swift */ = {isa = PBXFileReference; lastKnownFileType = sourcecode.swift; path = MergeTimesTests.swift; sourceTree = "<group>"; };
		A2BE2DDF2AE2B19300C3AF3C /* MergeTimesUITests.xctest */ = {isa = PBXFileReference; explicitFileType = wrapper.cfbundle; includeInIndex = 0; path = MergeTimesUITests.xctest; sourceTree = BUILT_PRODUCTS_DIR; };
		A2BE2DE32AE2B19300C3AF3C /* MergeTimesUITests.swift */ = {isa = PBXFileReference; lastKnownFileType = sourcecode.swift; path = MergeTimesUITests.swift; sourceTree = "<group>"; };
		A2BE2DE52AE2B19300C3AF3C /* MergeTimesUITestsLaunchTests.swift */ = {isa = PBXFileReference; lastKnownFileType = sourcecode.swift; path = MergeTimesUITestsLaunchTests.swift; sourceTree = "<group>"; };
/* End PBXFileReference section */

/* Begin PBXFrameworksBuildPhase section */
		A2BE2DC22AE2B19200C3AF3C /* Frameworks */ = {
			isa = PBXFrameworksBuildPhase;
			buildActionMask = 2147483647;
			files = (
			);
			runOnlyForDeploymentPostprocessing = 0;
		};
		A2BE2DD22AE2B19300C3AF3C /* Frameworks */ = {
			isa = PBXFrameworksBuildPhase;
			buildActionMask = 2147483647;
			files = (
			);
			runOnlyForDeploymentPostprocessing = 0;
		};
		A2BE2DDC2AE2B19300C3AF3C /* Frameworks */ = {
			isa = PBXFrameworksBuildPhase;
			buildActionMask = 2147483647;
			files = (
			);
			runOnlyForDeploymentPostprocessing = 0;
		};
/* End PBXFrameworksBuildPhase section */

/* Begin PBXGroup section */
		A2BE2DBC2AE2B19200C3AF3C = {
			isa = PBXGroup;
			children = (
				A2BE2DC72AE2B19200C3AF3C /* MergeTimes */,
				A2BE2DD82AE2B19300C3AF3C /* MergeTimesTests */,
				A2BE2DE22AE2B19300C3AF3C /* MergeTimesUITests */,
				A2BE2DC62AE2B19200C3AF3C /* Products */,
			);
			sourceTree = "<group>";
		};
		A2BE2DC62AE2B19200C3AF3C /* Products */ = {
			isa = PBXGroup;
			children = (
				A2BE2DC52AE2B19200C3AF3C /* MergeTimes.app */,
				A2BE2DD52AE2B19300C3AF3C /* MergeTimesTests.xctest */,
				A2BE2DDF2AE2B19300C3AF3C /* MergeTimesUITests.xctest */,
			);
			name = Products;
			sourceTree = "<group>";
		};
		A2BE2DC72AE2B19200C3AF3C /* MergeTimes */ = {
			isa = PBXGroup;
			children = (
				A2BE2DC82AE2B19200C3AF3C /* MergeTimesApp.swift */,
				A2BE2DCA2AE2B19200C3AF3C /* ContentView.swift */,
				A2BE2DCC2AE2B19300C3AF3C /* Assets.xcassets */,
				A2BE2DCE2AE2B19300C3AF3C /* Preview Content */,
			);
			path = MergeTimes;
			sourceTree = "<group>";
		};
		A2BE2DCE2AE2B19300C3AF3C /* Preview Content */ = {
			isa = PBXGroup;
			children = (
				A2BE2DCF2AE2B19300C3AF3C /* Preview Assets.xcassets */,
			);
			path = "Preview Content";
			sourceTree = "<group>";
		};
		A2BE2DD82AE2B19300C3AF3C /* MergeTimesTests */ = {
			isa = PBXGroup;
			children = (
				A2BE2DD92AE2B19300C3AF3C /* MergeTimesTests.swift */,
			);
			path = MergeTimesTests;
			sourceTree = "<group>";
		};
		A2BE2DE22AE2B19300C3AF3C /* MergeTimesUITests */ = {
			isa = PBXGroup;
			children = (
				A2BE2DE32AE2B19300C3AF3C /* MergeTimesUITests.swift */,
				A2BE2DE52AE2B19300C3AF3C /* MergeTimesUITestsLaunchTests.swift */,
			);
			path = MergeTimesUITests;
			sourceTree = "<group>";
		};
/* End PBXGroup section */

/* Begin PBXNativeTarget section */
		A2BE2DC42AE2B19200C3AF3C /* MergeTimes */ = {
			isa = PBXNativeTarget;
			buildConfigurationList = A2BE2DE92AE2B19300C3AF3C /* Build configuration list for PBXNativeTarget "MergeTimes" */;
			buildPhases = (
				A2BE2DC12AE2B19200C3AF3C /* Sources */,
				A2BE2DC22AE2B19200C3AF3C /* Frameworks */,
				A2BE2DC32AE2B19200C3AF3C /* Resources */,
			);
			buildRules = (
			);
			dependencies = (
			);
			name = MergeTimes;
			productName = MergeTimes;
			productReference = A2BE2DC52AE2B19200C3AF3C /* MergeTimes.app */;
			productType = "com.apple.product-type.application";
		};
		A2BE2DD42AE2B19300C3AF3C /* MergeTimesTests */ = {
			isa = PBXNativeTarget;
			buildConfigurationList = A2BE2DEC2AE2B19300C3AF3C /* Build configuration list for PBXNativeTarget "MergeTimesTests" */;
			buildPhases = (
				A2BE2DD12AE2B19300C3AF3C /* Sources */,
				A2BE2DD22AE2B19300C3AF3C /* Frameworks */,
				A2BE2DD32AE2B19300C3AF3C /* Resources */,
			);
			buildRules = (
			);
			dependencies = (
				A2BE2DD72AE2B19300C3AF3C /* PBXTargetDependency */,
			);
			name = MergeTimesTests;
			productName = MergeTimesTests;
			productReference = A2BE2DD52AE2B19300C3AF3C /* MergeTimesTests.xctest */;
			productType = "com.apple.product-type.bundle.unit-test";
		};
		A2BE2DDE2AE2B19300C3AF3C /* MergeTimesUITests */ = {
			isa = PBXNativeTarget;
			buildConfigurationList = A2BE2DEF2AE2B19300C3AF3C /* Build configuration list for PBXNativeTarget "MergeTimesUITests" */;
			buildPhases = (
				A2BE2DDB2AE2B19300C3AF3C /* Sources */,
				A2BE2DDC2AE2B19300C3AF3C /* Frameworks */,
				A2BE2DDD2AE2B19300C3AF3C /* Resources */,
			);
			buildRules = (
			);
			dependencies = (
				A2BE2DE12AE2B19300C3AF3C /* PBXTargetDependency */,
			);
			name = MergeTimesUITests;
			productName = MergeTimesUITests;
			productReference = A2BE2DDF2AE2B19300C3AF3C /* MergeTimesUITests.xctest */;
			productType = "com.apple.product-type.bundle.ui-testing";
		};
/* End PBXNativeTarget section */

/* Begin PBXProject section */
		A2BE2DBD2AE2B19200C3AF3C /* Project object */ = {
			isa = PBXProject;
			attributes = {
				BuildIndependentTargetsInParallel = 1;
				LastSwiftUpdateCheck = 1500;
				LastUpgradeCheck = 1500;
				TargetAttributes = {
					A2BE2DC42AE2B19200C3AF3C = {
						CreatedOnToolsVersion = 15.0;
					};
					A2BE2DD42AE2B19300C3AF3C = {
						CreatedOnToolsVersion = 15.0;
						TestTargetID = A2BE2DC42AE2B19200C3AF3C;
					};
					A2BE2DDE2AE2B19300C3AF3C = {
						CreatedOnToolsVersion = 15.0;
						TestTargetID = A2BE2DC42AE2B19200C3AF3C;
					};
				};
			};
			buildConfigurationList = A2BE2DC02AE2B19200C3AF3C /* Build configuration list for PBXProject "MergeTimes" */;
			compatibilityVersion = "Xcode 14.0";
			developmentRegion = en;
			hasScannedForEncodings = 0;
			knownRegions = (
				en,
				Base,
			);
			mainGroup = A2BE2DBC2AE2B19200C3AF3C;
			productRefGroup = A2BE2DC62AE2B19200C3AF3C /* Products */;
			projectDirPath = "";
			projectRoot = "";
			targets = (
				A2BE2DC42AE2B19200C3AF3C /* MergeTimes */,
				A2BE2DD42AE2B19300C3AF3C /* MergeTimesTests */,
				A2BE2DDE2AE2B19300C3AF3C /* MergeTimesUITests */,
			);
		};
/* End PBXProject section */

/* Begin PBXResourcesBuildPhase section */
		A2BE2DC32AE2B19200C3AF3C /* Resources */ = {
			isa = PBXResourcesBuildPhase;
			buildActionMask = 2147483647;
			files = (
				A2BE2DD02AE2B19300C3AF3C /* Preview Assets.xcassets in Resources */,
				A2BE2DCD2AE2B19300C3AF3C /* Assets.xcassets in Resources */,
			);
			runOnlyForDeploymentPostprocessing = 0;
		};
		A2BE2DD32AE2B19300C3AF3C /* Resources */ = {
			isa = PBXResourcesBuildPhase;
			buildActionMask = 2147483647;
			files = (
			);
			runOnlyForDeploymentPostprocessing = 0;
		};
		A2BE2DDD2AE2B19300C3AF3C /* Resources */ = {
			isa = PBXResourcesBuildPhase;
			buildActionMask = 2147483647;
			files = (
			);
			runOnlyForDeploymentPostprocessing = 0;
		};
/* End PBXResourcesBuildPhase section */

/* Begin PBXSourcesBuildPhase section */
		A2BE2DC12AE2B19200C3AF3C /* Sources */ = {
			isa = PBXSourcesBuildPhase;
			buildActionMask = 2147483647;
			files = (
				A2BE2DCB2AE2B19200C3AF3C /* ContentView.swift in Sources */,
				A2BE2DC92AE2B19200C3AF3C /* MergeTimesApp.swift in Sources */,
			);
			runOnlyForDeploymentPostprocessing = 0;
		};
		A2BE2DD12AE2B19300C3AF3C /* Sources */ = {
			isa = PBXSourcesBuildPhase;
			buildActionMask = 2147483647;
			files = (
				A2BE2DDA2AE2B19300C3AF3C /* MergeTimesTests.swift in Sources */,
			);
			runOnlyForDeploymentPostprocessing = 0;
		};
		A2BE2DDB2AE2B19300C3AF3C /* Sources */ = {
			isa = PBXSourcesBuildPhase;
			buildActionMask = 2147483647;
			files = (
				A2BE2DE62AE2B19300C3AF3C /* MergeTimesUITestsLaunchTests.swift in Sources */,
				A2BE2DE42AE2B19300C3AF3C /* MergeTimesUITests.swift in Sources */,
			);
			runOnlyForDeploymentPostprocessing = 0;
		};
/* End PBXSourcesBuildPhase section */

/* Begin PBXTargetDependency section */
		A2BE2DD72AE2B19300C3AF3C /* PBXTargetDependency */ = {
			isa = PBXTargetDependency;
			target = A2BE2DC42AE2B19200C3AF3C /* MergeTimes */;
			targetProxy = A2BE2DD62AE2B19300C3AF3C /* PBXContainerItemProxy */;
		};
		A2BE2DE12AE2B19300C3AF3C /* PBXTargetDependency */ = {
			isa = PBXTargetDependency;
			target = A2BE2DC42AE2B19200C3AF3C /* MergeTimes */;
			targetProxy = A2BE2DE02AE2B19300C3AF3C /* PBXContainerItemProxy */;
		};
/* End PBXTargetDependency section */

/* Begin XCBuildConfiguration section */
		A2BE2DE72AE2B19300C3AF3C /* Debug */ = {
			isa = XCBuildConfiguration;
			buildSettings = {
				ALWAYS_SEARCH_USER_PATHS = NO;
				ASSETCATALOG_COMPILER_GENERATE_SWIFT_ASSET_SYMBOL_EXTENSIONS = YES;
				CLANG_ANALYZER_NONNULL = YES;
				CLANG_ANALYZER_NUMBER_OBJECT_CONVERSION = YES_AGGRESSIVE;
				CLANG_CXX_LANGUAGE_STANDARD = "gnu++20";
				CLANG_ENABLE_MODULES = YES;
				CLANG_ENABLE_OBJC_ARC = YES;
				CLANG_ENABLE_OBJC_WEAK = YES;
				CLANG_WARN_BLOCK_CAPTURE_AUTORELEASING = YES;
				CLANG_WARN_BOOL_CONVERSION = YES;
				CLANG_WARN_COMMA = YES;
				CLANG_WARN_CONSTANT_CONVERSION = YES;
				CLANG_WARN_DEPRECATED_OBJC_IMPLEMENTATIONS = YES;
				CLANG_WARN_DIRECT_OBJC_ISA_USAGE = YES_ERROR;
				CLANG_WARN_DOCUMENTATION_COMMENTS = YES;
				CLANG_WARN_EMPTY_BODY = YES;
				CLANG_WARN_ENUM_CONVERSION = YES;
				CLANG_WARN_INFINITE_RECURSION = YES;
				CLANG_WARN_INT_CONVERSION = YES;
				CLANG_WARN_NON_LITERAL_NULL_CONVERSION = YES;
				CLANG_WARN_OBJC_IMPLICIT_RETAIN_SELF = YES;
				CLANG_WARN_OBJC_LITERAL_CONVERSION = YES;
				CLANG_WARN_OBJC_ROOT_CLASS = YES_ERROR;
				CLANG_WARN_QUOTED_INCLUDE_IN_FRAMEWORK_HEADER = YES;
				CLANG_WARN_RANGE_LOOP_ANALYSIS = YES;
				CLANG_WARN_STRICT_PROTOTYPES = YES;
				CLANG_WARN_SUSPICIOUS_MOVE = YES;
				CLANG_WARN_UNGUARDED_AVAILABILITY = YES_AGGRESSIVE;
				CLANG_WARN_UNREACHABLE_CODE = YES;
				CLANG_WARN__DUPLICATE_METHOD_MATCH = YES;
				COPY_PHASE_STRIP = NO;
				DEBUG_INFORMATION_FORMAT = dwarf;
				ENABLE_STRICT_OBJC_MSGSEND = YES;
				ENABLE_TESTABILITY = YES;
				ENABLE_USER_SCRIPT_SANDBOXING = YES;
				GCC_C_LANGUAGE_STANDARD = gnu17;
				GCC_DYNAMIC_NO_PIC = NO;
				GCC_NO_COMMON_BLOCKS = YES;
				GCC_OPTIMIZATION_LEVEL = 0;
				GCC_PREPROCESSOR_DEFINITIONS = (
					"DEBUG=1",
					"$(inherited)",
				);
				GCC_WARN_64_TO_32_BIT_CONVERSION = YES;
				GCC_WARN_ABOUT_RETURN_TYPE = YES_ERROR;
				GCC_WARN_UNDECLARED_SELECTOR = YES;
				GCC_WARN_UNINITIALIZED_AUTOS = YES_AGGRESSIVE;
				GCC_WARN_UNUSED_FUNCTION = YES;
				GCC_WARN_UNUSED_VARIABLE = YES;
				IPHONEOS_DEPLOYMENT_TARGET = 17.0;
				LOCALIZATION_PREFERS_STRING_CATALOGS = YES;
				MTL_ENABLE_DEBUG_INFO = INCLUDE_SOURCE;
				MTL_FAST_MATH = YES;
				ONLY_ACTIVE_ARCH = YES;
				SDKROOT = iphoneos;
				SWIFT_ACTIVE_COMPILATION_CONDITIONS = "DEBUG $(inherited)";
				SWIFT_OPTIMIZATION_LEVEL = "-Onone";
			};
			name = Debug;
		};
		A2BE2DE82AE2B19300C3AF3C /* Release */ = {
			isa = XCBuildConfiguration;
			buildSettings = {
				ALWAYS_SEARCH_USER_PATHS = NO;
				ASSETCATALOG_COMPILER_GENERATE_SWIFT_ASSET_SYMBOL_EXTENSIONS = YES;
				CLANG_ANALYZER_NONNULL = YES;
				CLANG_ANALYZER_NUMBER_OBJECT_CONVERSION = YES_AGGRESSIVE;
				CLANG_CXX_LANGUAGE_STANDARD = "gnu++20";
				CLANG_ENABLE_MODULES = YES;
				CLANG_ENABLE_OBJC_ARC = YES;
				CLANG_ENABLE_OBJC_WEAK = YES;
				CLANG_WARN_BLOCK_CAPTURE_AUTORELEASING = YES;
				CLANG_WARN_BOOL_CONVERSION = YES;
				CLANG_WARN_COMMA = YES;
				CLANG_WARN_CONSTANT_CONVERSION = YES;
				CLANG_WARN_DEPRECATED_OBJC_IMPLEMENTATIONS = YES;
				CLANG_WARN_DIRECT_OBJC_ISA_USAGE = YES_ERROR;
				CLANG_WARN_DOCUMENTATION_COMMENTS = YES;
				CLANG_WARN_EMPTY_BODY = YES;
				CLANG_WARN_ENUM_CONVERSION = YES;
				CLANG_WARN_INFINITE_RECURSION = YES;
				CLANG_WARN_INT_CONVERSION = YES;
				CLANG_WARN_NON_LITERAL_NULL_CONVERSION = YES;
				CLANG_WARN_OBJC_IMPLICIT_RETAIN_SELF = YES;
				CLANG_WARN_OBJC_LITERAL_CONVERSION = YES;
				CLANG_WARN_OBJC_ROOT_CLASS = YES_ERROR;
				CLANG_WARN_QUOTED_INCLUDE_IN_FRAMEWORK_HEADER = YES;
				CLANG_WARN_RANGE_LOOP_ANALYSIS = YES;
				CLANG_WARN_STRICT_PROTOTYPES = YES;
				CLANG_WARN_SUSPICIOUS_MOVE = YES;
				CLANG_WARN_UNGUARDED_AVAILABILITY = YES_AGGRESSIVE;
				CLANG_WARN_UNREACHABLE_CODE = YES;
				CLANG_WARN__DUPLICATE_METHOD_MATCH = YES;
				COPY_PHASE_STRIP = NO;
				DEBUG_INFORMATION_FORMAT = "dwarf-with-dsym";
				ENABLE_NS_ASSERTIONS = NO;
				ENABLE_STRICT_OBJC_MSGSEND = YES;
				ENABLE_USER_SCRIPT_SANDBOXING = YES;
				GCC_C_LANGUAGE_STANDARD = gnu17;
				GCC_NO_COMMON_BLOCKS = YES;
				GCC_WARN_64_TO_32_BIT_CONVERSION = YES;
				GCC_WARN_ABOUT_RETURN_TYPE = YES_ERROR;
				GCC_WARN_UNDECLARED_SELECTOR = YES;
				GCC_WARN_UNINITIALIZED_AUTOS = YES_AGGRESSIVE;
				GCC_WARN_UNUSED_FUNCTION = YES;
				GCC_WARN_UNUSED_VARIABLE = YES;
				IPHONEOS_DEPLOYMENT_TARGET = 17.0;
				LOCALIZATION_PREFERS_STRING_CATALOGS = YES;
				MTL_ENABLE_DEBUG_INFO = NO;
				MTL_FAST_MATH = YES;
				SDKROOT = iphoneos;
				SWIFT_COMPILATION_MODE = wholemodule;
				VALIDATE_PRODUCT = YES;
			};
			name = Release;
		};
		A2BE2DEA2AE2B19300C3AF3C /* Debug */ = {
			isa = XCBuildConfiguration;
			buildSettings = {
				ASSETCATALOG_COMPILER_APPICON_NAME = AppIcon;
				ASSETCATALOG_COMPILER_GLOBAL_ACCENT_COLOR_NAME = AccentColor;
				CODE_SIGN_STYLE = Automatic;
				CURRENT_PROJECT_VERSION = 1;
				DEVELOPMENT_ASSET_PATHS = "\"MergeTimes/Preview Content\"";
				DEVELOPMENT_TEAM = 895F6NWJ4A;
				ENABLE_PREVIEWS = YES;
				GENERATE_INFOPLIST_FILE = YES;
				INFOPLIST_KEY_UIApplicationSceneManifest_Generation = YES;
				INFOPLIST_KEY_UIApplicationSupportsIndirectInputEvents = YES;
				INFOPLIST_KEY_UILaunchScreen_Generation = YES;
				INFOPLIST_KEY_UISupportedInterfaceOrientations_iPad = "UIInterfaceOrientationPortrait UIInterfaceOrientationPortraitUpsideDown UIInterfaceOrientationLandscapeLeft UIInterfaceOrientationLandscapeRight";
				INFOPLIST_KEY_UISupportedInterfaceOrientations_iPhone = "UIInterfaceOrientationPortrait UIInterfaceOrientationLandscapeLeft UIInterfaceOrientationLandscapeRight";
				LD_RUNPATH_SEARCH_PATHS = (
					"$(inherited)",
					"@executable_path/Frameworks",
				);
				MARKETING_VERSION = 1.0;
				PRODUCT_BUNDLE_IDENTIFIER = m.MergeTimes;
				PRODUCT_NAME = "$(TARGET_NAME)";
				SWIFT_EMIT_LOC_STRINGS = YES;
				SWIFT_VERSION = 5.0;
				TARGETED_DEVICE_FAMILY = "1,2";
			};
			name = Debug;
		};
		A2BE2DEB2AE2B19300C3AF3C /* Release */ = {
			isa = XCBuildConfiguration;
			buildSettings = {
				ASSETCATALOG_COMPILER_APPICON_NAME = AppIcon;
				ASSETCATALOG_COMPILER_GLOBAL_ACCENT_COLOR_NAME = AccentColor;
				CODE_SIGN_STYLE = Automatic;
				CURRENT_PROJECT_VERSION = 1;
				DEVELOPMENT_ASSET_PATHS = "\"MergeTimes/Preview Content\"";
				DEVELOPMENT_TEAM = 895F6NWJ4A;
				ENABLE_PREVIEWS = YES;
				GENERATE_INFOPLIST_FILE = YES;
				INFOPLIST_KEY_UIApplicationSceneManifest_Generation = YES;
				INFOPLIST_KEY_UIApplicationSupportsIndirectInputEvents = YES;
				INFOPLIST_KEY_UILaunchScreen_Generation = YES;
				INFOPLIST_KEY_UISupportedInterfaceOrientations_iPad = "UIInterfaceOrientationPortrait UIInterfaceOrientationPortraitUpsideDown UIInterfaceOrientationLandscapeLeft UIInterfaceOrientationLandscapeRight";
				INFOPLIST_KEY_UISupportedInterfaceOrientations_iPhone = "UIInterfaceOrientationPortrait UIInterfaceOrientationLandscapeLeft UIInterfaceOrientationLandscapeRight";
				LD_RUNPATH_SEARCH_PATHS = (
					"$(inherited)",
					"@executable_path/Frameworks",
				);
				MARKETING_VERSION = 1.0;
				PRODUCT_BUNDLE_IDENTIFIER = m.MergeTimes;
				PRODUCT_NAME = "$(TARGET_NAME)";
				SWIFT_EMIT_LOC_STRINGS = YES;
				SWIFT_VERSION = 5.0;
				TARGETED_DEVICE_FAMILY = "1,2";
			};
			name = Release;
		};
		A2BE2DED2AE2B19300C3AF3C /* Debug */ = {
			isa = XCBuildConfiguration;
			buildSettings = {
				ALWAYS_EMBED_SWIFT_STANDARD_LIBRARIES = YES;
				BUNDLE_LOADER = "$(TEST_HOST)";
				CODE_SIGN_STYLE = Automatic;
				CURRENT_PROJECT_VERSION = 1;
				DEVELOPMENT_TEAM = 895F6NWJ4A;
				GENERATE_INFOPLIST_FILE = YES;
				IPHONEOS_DEPLOYMENT_TARGET = 17.0;
				MARKETING_VERSION = 1.0;
				PRODUCT_BUNDLE_IDENTIFIER = m.MergeTimesTests;
				PRODUCT_NAME = "$(TARGET_NAME)";
				SWIFT_EMIT_LOC_STRINGS = NO;
				SWIFT_VERSION = 5.0;
				TARGETED_DEVICE_FAMILY = "1,2";
				TEST_HOST = "$(BUILT_PRODUCTS_DIR)/MergeTimes.app/$(BUNDLE_EXECUTABLE_FOLDER_PATH)/MergeTimes";
			};
			name = Debug;
		};
		A2BE2DEE2AE2B19300C3AF3C /* Release */ = {
			isa = XCBuildConfiguration;
			buildSettings = {
				ALWAYS_EMBED_SWIFT_STANDARD_LIBRARIES = YES;
				BUNDLE_LOADER = "$(TEST_HOST)";
				CODE_SIGN_STYLE = Automatic;
				CURRENT_PROJECT_VERSION = 1;
				DEVELOPMENT_TEAM = 895F6NWJ4A;
				GENERATE_INFOPLIST_FILE = YES;
				IPHONEOS_DEPLOYMENT_TARGET = 17.0;
				MARKETING_VERSION = 1.0;
				PRODUCT_BUNDLE_IDENTIFIER = m.MergeTimesTests;
				PRODUCT_NAME = "$(TARGET_NAME)";
				SWIFT_EMIT_LOC_STRINGS = NO;
				SWIFT_VERSION = 5.0;
				TARGETED_DEVICE_FAMILY = "1,2";
				TEST_HOST = "$(BUILT_PRODUCTS_DIR)/MergeTimes.app/$(BUNDLE_EXECUTABLE_FOLDER_PATH)/MergeTimes";
			};
			name = Release;
		};
		A2BE2DF02AE2B19300C3AF3C /* Debug */ = {
			isa = XCBuildConfiguration;
			buildSettings = {
				ALWAYS_EMBED_SWIFT_STANDARD_LIBRARIES = YES;
				CODE_SIGN_STYLE = Automatic;
				CURRENT_PROJECT_VERSION = 1;
				DEVELOPMENT_TEAM = 895F6NWJ4A;
				GENERATE_INFOPLIST_FILE = YES;
				MARKETING_VERSION = 1.0;
				PRODUCT_BUNDLE_IDENTIFIER = m.MergeTimesUITests;
				PRODUCT_NAME = "$(TARGET_NAME)";
				SWIFT_EMIT_LOC_STRINGS = NO;
				SWIFT_VERSION = 5.0;
				TARGETED_DEVICE_FAMILY = "1,2";
				TEST_TARGET_NAME = MergeTimes;
			};
			name = Debug;
		};
		A2BE2DF12AE2B19300C3AF3C /* Release */ = {
			isa = XCBuildConfiguration;
			buildSettings = {
				ALWAYS_EMBED_SWIFT_STANDARD_LIBRARIES = YES;
				CODE_SIGN_STYLE = Automatic;
				CURRENT_PROJECT_VERSION = 1;
				DEVELOPMENT_TEAM = 895F6NWJ4A;
				GENERATE_INFOPLIST_FILE = YES;
				MARKETING_VERSION = 1.0;
				PRODUCT_BUNDLE_IDENTIFIER = m.MergeTimesUITests;
				PRODUCT_NAME = "$(TARGET_NAME)";
				SWIFT_EMIT_LOC_STRINGS = NO;
				SWIFT_VERSION = 5.0;
				TARGETED_DEVICE_FAMILY = "1,2";
				TEST_TARGET_NAME = MergeTimes;
			};
			name = Release;
		};
/* End XCBuildConfiguration section */

/* Begin XCConfigurationList section */
		A2BE2DC02AE2B19200C3AF3C /* Build configuration list for PBXProject "MergeTimes" */ = {
			isa = XCConfigurationList;
			buildConfigurations = (
				A2BE2DE72AE2B19300C3AF3C /* Debug */,
				A2BE2DE82AE2B19300C3AF3C /* Release */,
			);
			defaultConfigurationIsVisible = 0;
			defaultConfigurationName = Release;
		};
		A2BE2DE92AE2B19300C3AF3C /* Build configuration list for PBXNativeTarget "MergeTimes" */ = {
			isa = XCConfigurationList;
			buildConfigurations = (
				A2BE2DEA2AE2B19300C3AF3C /* Debug */,
				A2BE2DEB2AE2B19300C3AF3C /* Release */,
			);
			defaultConfigurationIsVisible = 0;
			defaultConfigurationName = Release;
		};
		A2BE2DEC2AE2B19300C3AF3C /* Build configuration list for PBXNativeTarget "MergeTimesTests" */ = {
			isa = XCConfigurationList;
			buildConfigurations = (
				A2BE2DED2AE2B19300C3AF3C /* Debug */,
				A2BE2DEE2AE2B19300C3AF3C /* Release */,
			);
			defaultConfigurationIsVisible = 0;
			defaultConfigurationName = Release;
		};
		A2BE2DEF2AE2B19300C3AF3C /* Build configuration list for PBXNativeTarget "MergeTimesUITests" */ = {
			isa = XCConfigurationList;
			buildConfigurations = (
				A2BE2DF02AE2B19300C3AF3C /* Debug */,
				A2BE2DF12AE2B19300C3AF3C /* Release */,
			);
			defaultConfigurationIsVisible = 0;
			defaultConfigurationName = Release;
		};
/* End XCConfigurationList section */
	};
	rootObject = A2BE2DBD2AE2B19200C3AF3C /* Project object */;
}
